
Microsoft Visual Studio Solution File, Format Version 12.00
# Visual Studio 15
VisualStudioVersion = 15.0.28010.2016
MinimumVisualStudioVersion = 10.0.40219.1
Project("{FAE04EC0-301F-11D3-BF4B-00C04F79EFBC}") = "EC.Core.Screencap", "EC.Core.Screencap\EC.Core.Screencap.csproj", "{4C3D3B27-00F5-42D3-85D7-82DE04479848}"
EndProject
Project("{FAE04EC0-301F-11D3-BF4B-00C04F79EFBC}") = "EC.Core", "EC.Core\EC.Core.csproj", "{41A43E0E-4758-4986-B5D9-9FEDF3A32F65}"
EndProject
Global
	GlobalSection(SolutionConfigurationPlatforms) = preSolution
		Debug|Any CPU = Debug|Any CPU
		Release|Any CPU = Release|Any CPU
	EndGlobalSection
	GlobalSection(ProjectConfigurationPlatforms) = postSolution
		{4C3D3B27-00F5-42D3-85D7-82DE04479848}.Debug|Any CPU.ActiveCfg = Debug|Any CPU
		{4C3D3B27-00F5-42D3-85D7-82DE04479848}.Debug|Any CPU.Build.0 = Debug|Any CPU
		{4C3D3B27-00F5-42D3-85D7-82DE04479848}.Release|Any CPU.ActiveCfg = Release|Any CPU
		{4C3D3B27-00F5-42D3-85D7-82DE04479848}.Release|Any CPU.Build.0 = Release|Any CPU
		{41A43E0E-4758-4986-B5D9-9FEDF3A32F65}.Debug|Any CPU.ActiveCfg = Debug|Any CPU
		{41A43E0E-4758-4986-B5D9-9FEDF3A32F65}.Debug|Any CPU.Build.0 = Debug|Any CPU
		{41A43E0E-4758-4986-B5D9-9FEDF3A32F65}.Release|Any CPU.ActiveCfg = Release|Any CPU
		{41A43E0E-4758-4986-B5D9-9FEDF3A32F65}.Release|Any CPU.Build.0 = Release|Any CPU
	EndGlobalSection
	GlobalSection(SolutionProperties) = preSolution
		HideSolutionNode = FALSE
	EndGlobalSection
	GlobalSection(ExtensibilityGlobals) = postSolution
		SolutionGuid = {49365589-3B47-409B-89E7-458D3A4FFEB6}
	EndGlobalSection
EndGlobal
