
Microsoft Visual Studio Solution File, Format Version 12.00
# Visual Studio 15
VisualStudioVersion = 15.0.28010.2016
MinimumVisualStudioVersion = 10.0.40219.1
Project("{FAE04EC0-301F-11D3-BF4B-00C04F79EFBC}") = "EC.Core.Screencap", "EC.Core.Screencap\EC.Core.Screencap.csproj", "{4C3D3B27-00F5-42D3-85D7-82DE04479848}"
EndProject
Project("{FAE04EC0-301F-11D3-BF4B-00C04F79EFBC}") = "EC.Core", "EC.Core\EC.Core.csproj", "{41A43E0E-4758-4986-B5D9-9FEDF3A32F65}"
EndProject
Project("{FAE04EC0-301F-11D3-BF4B-00C04F79EFBC}") = "EC.Core.Fixes.CultureFix", "EC.Core.Fixes.CultureFix\EC.Core.Fixes.CultureFix.csproj", "{F64FB505-1DAD-4FFB-9F48-09BB687C74DC}"
EndProject
Project("{FAE04EC0-301F-11D3-BF4B-00C04F79EFBC}") = "EC.Core.SliderUnlocker", "EC.Core.SliderUnlocker\EC.Core.SliderUnlocker.csproj", "{177A65D8-4A40-447E-87EA-551C04BCD110}"
EndProject
Project("{FAE04EC0-301F-11D3-BF4B-00C04F79EFBC}") = "EC.Core.ResourceRedirector", "EC.Core.ResourceRedirector\EC.Core.ResourceRedirector.csproj", "{B6F74922-41A6-4BD6-9A03-ECC0D631E088}"
EndProject
Project("{FAE04EC0-301F-11D3-BF4B-00C04F79EFBC}") = "EC.Core.Sideloader", "EC.Core.Sideloader\EC.Core.Sideloader.csproj", "{687D6C36-4834-45A9-8639-14B718F308C0}"
EndProject
Project("{FAE04EC0-301F-11D3-BF4B-00C04F79EFBC}") = "EC.Core.ExtensibleSaveFormat", "EC.Core.ExtensibleSaveFormat\EC.Core.ExtensibleSaveFormat.csproj", "{9E2934EA-9BE2-40D7-AFDD-D6B96FF4317C}"
EndProject
Project("{FAE04EC0-301F-11D3-BF4B-00C04F79EFBC}") = "EC.Core.Fixes.NullChecks", "EC.Core.Fixes.NullChecks\EC.Core.Fixes.NullChecks.csproj", "{D17E05B2-1003-4C09-B3FA-F091C30AC3E2}"
EndProject
Project("{2150E333-8FDC-42A3-9474-1A3956D46DE8}") = "Fixes", "Fixes", "{14E7745A-BEBE-4C8E-8B36-93C2D5755186}"
EndProject
Project("{FAE04EC0-301F-11D3-BF4B-00C04F79EFBC}") = "EC.Core.MessagePopups", "EC.Core.MessagePopups\EC.Core.MessagePopups.csproj", "{3914AF1F-A0CE-4B61-B999-0C174B492790}"
EndProject
Project("{FAE04EC0-301F-11D3-BF4B-00C04F79EFBC}") = "EC.Core.API", "EC.Core.API\EC.Core.API.csproj", "{74C2DB86-55BB-47B4-9805-51B5B992EF35}"
EndProject
Global
	GlobalSection(SolutionConfigurationPlatforms) = preSolution
		Debug|Any CPU = Debug|Any CPU
		Release|Any CPU = Release|Any CPU
	EndGlobalSection
	GlobalSection(ProjectConfigurationPlatforms) = postSolution
		{4C3D3B27-00F5-42D3-85D7-82DE04479848}.Debug|Any CPU.ActiveCfg = Debug|Any CPU
		{4C3D3B27-00F5-42D3-85D7-82DE04479848}.Debug|Any CPU.Build.0 = Debug|Any CPU
		{4C3D3B27-00F5-42D3-85D7-82DE04479848}.Release|Any CPU.ActiveCfg = Release|Any CPU
		{4C3D3B27-00F5-42D3-85D7-82DE04479848}.Release|Any CPU.Build.0 = Release|Any CPU
		{41A43E0E-4758-4986-B5D9-9FEDF3A32F65}.Debug|Any CPU.ActiveCfg = Debug|Any CPU
		{41A43E0E-4758-4986-B5D9-9FEDF3A32F65}.Debug|Any CPU.Build.0 = Debug|Any CPU
		{41A43E0E-4758-4986-B5D9-9FEDF3A32F65}.Release|Any CPU.ActiveCfg = Release|Any CPU
		{41A43E0E-4758-4986-B5D9-9FEDF3A32F65}.Release|Any CPU.Build.0 = Release|Any CPU
		{F64FB505-1DAD-4FFB-9F48-09BB687C74DC}.Debug|Any CPU.ActiveCfg = Debug|Any CPU
		{F64FB505-1DAD-4FFB-9F48-09BB687C74DC}.Debug|Any CPU.Build.0 = Debug|Any CPU
		{F64FB505-1DAD-4FFB-9F48-09BB687C74DC}.Release|Any CPU.ActiveCfg = Release|Any CPU
		{F64FB505-1DAD-4FFB-9F48-09BB687C74DC}.Release|Any CPU.Build.0 = Release|Any CPU
		{177A65D8-4A40-447E-87EA-551C04BCD110}.Debug|Any CPU.ActiveCfg = Debug|Any CPU
		{177A65D8-4A40-447E-87EA-551C04BCD110}.Debug|Any CPU.Build.0 = Debug|Any CPU
		{177A65D8-4A40-447E-87EA-551C04BCD110}.Release|Any CPU.ActiveCfg = Release|Any CPU
		{177A65D8-4A40-447E-87EA-551C04BCD110}.Release|Any CPU.Build.0 = Release|Any CPU
		{B6F74922-41A6-4BD6-9A03-ECC0D631E088}.Debug|Any CPU.ActiveCfg = Debug|Any CPU
		{B6F74922-41A6-4BD6-9A03-ECC0D631E088}.Debug|Any CPU.Build.0 = Debug|Any CPU
		{B6F74922-41A6-4BD6-9A03-ECC0D631E088}.Release|Any CPU.ActiveCfg = Release|Any CPU
		{B6F74922-41A6-4BD6-9A03-ECC0D631E088}.Release|Any CPU.Build.0 = Release|Any CPU
		{687D6C36-4834-45A9-8639-14B718F308C0}.Debug|Any CPU.ActiveCfg = Debug|Any CPU
		{687D6C36-4834-45A9-8639-14B718F308C0}.Debug|Any CPU.Build.0 = Debug|Any CPU
		{687D6C36-4834-45A9-8639-14B718F308C0}.Release|Any CPU.ActiveCfg = Release|Any CPU
		{687D6C36-4834-45A9-8639-14B718F308C0}.Release|Any CPU.Build.0 = Release|Any CPU
		{9E2934EA-9BE2-40D7-AFDD-D6B96FF4317C}.Debug|Any CPU.ActiveCfg = Debug|Any CPU
		{9E2934EA-9BE2-40D7-AFDD-D6B96FF4317C}.Debug|Any CPU.Build.0 = Debug|Any CPU
		{9E2934EA-9BE2-40D7-AFDD-D6B96FF4317C}.Release|Any CPU.ActiveCfg = Release|Any CPU
		{9E2934EA-9BE2-40D7-AFDD-D6B96FF4317C}.Release|Any CPU.Build.0 = Release|Any CPU
		{D17E05B2-1003-4C09-B3FA-F091C30AC3E2}.Debug|Any CPU.ActiveCfg = Debug|Any CPU
		{D17E05B2-1003-4C09-B3FA-F091C30AC3E2}.Debug|Any CPU.Build.0 = Debug|Any CPU
		{D17E05B2-1003-4C09-B3FA-F091C30AC3E2}.Release|Any CPU.ActiveCfg = Release|Any CPU
		{D17E05B2-1003-4C09-B3FA-F091C30AC3E2}.Release|Any CPU.Build.0 = Release|Any CPU
		{3914AF1F-A0CE-4B61-B999-0C174B492790}.Debug|Any CPU.ActiveCfg = Debug|Any CPU
		{3914AF1F-A0CE-4B61-B999-0C174B492790}.Debug|Any CPU.Build.0 = Debug|Any CPU
		{3914AF1F-A0CE-4B61-B999-0C174B492790}.Release|Any CPU.ActiveCfg = Release|Any CPU
		{3914AF1F-A0CE-4B61-B999-0C174B492790}.Release|Any CPU.Build.0 = Release|Any CPU
		{74C2DB86-55BB-47B4-9805-51B5B992EF35}.Debug|Any CPU.ActiveCfg = Debug|Any CPU
		{74C2DB86-55BB-47B4-9805-51B5B992EF35}.Debug|Any CPU.Build.0 = Debug|Any CPU
		{74C2DB86-55BB-47B4-9805-51B5B992EF35}.Release|Any CPU.ActiveCfg = Release|Any CPU
		{74C2DB86-55BB-47B4-9805-51B5B992EF35}.Release|Any CPU.Build.0 = Release|Any CPU
	EndGlobalSection
	GlobalSection(SolutionProperties) = preSolution
		HideSolutionNode = FALSE
	EndGlobalSection
	GlobalSection(NestedProjects) = preSolution
		{F64FB505-1DAD-4FFB-9F48-09BB687C74DC} = {14E7745A-BEBE-4C8E-8B36-93C2D5755186}
		{D17E05B2-1003-4C09-B3FA-F091C30AC3E2} = {14E7745A-BEBE-4C8E-8B36-93C2D5755186}
	EndGlobalSection
	GlobalSection(ExtensibilityGlobals) = postSolution
		SolutionGuid = {49365589-3B47-409B-89E7-458D3A4FFEB6}
	EndGlobalSection
EndGlobal
